{
  "name": "grimhold3d",
  "version": "1.0.0",
  "lockfileVersion": 3,
  "requires": true,
  "packages": {
    "": {
      "name": "grimhold3d",
      "version": "1.0.0",
      "license": "ISC",
      "dependencies": {
        "babylonjs": "^7.54.3"
      }
    },
    "node_modules/babylonjs": {
      "version": "7.54.3",
      "resolved": "https://registry.npmjs.org/babylonjs/-/babylonjs-7.54.3.tgz",
      "integrity": "sha512-DFkTQhOavmr9sgnXnzHlxknUH6qhHqnDnWhjGnD87w9oqTP6Z/gOlC5anpReDgdi0CPFmXaKqhqQ1cA9GXJlug==",
      "hasInstallScript": true,
      "license": "Apache-2.0"
    }
  }
}
